// !$*UTF8*$!
{
	archiveVersion = 1;
	classes = {
	};
	objectVersion = 56;
	objects = {

/* Begin PBXBuildFile section */
		DB92BBE52A3B602D009630E0 /* BaseURL.swift in Sources */ = {isa = PBXBuildFile; fileRef = DB92BBE42A3B602D009630E0 /* BaseURL.swift */; };
		DB92BBE72A3B60AF009630E0 /* Endpoint.swift in Sources */ = {isa = PBXBuildFile; fileRef = DB92BBE62A3B60AF009630E0 /* Endpoint.swift */; };
		DB92BBE92A3B60F1009630E0 /* ServiceError.swift in Sources */ = {isa = PBXBuildFile; fileRef = DB92BBE82A3B60F1009630E0 /* ServiceError.swift */; };
		DB92BBEB2A3B610C009630E0 /* Response.swift in Sources */ = {isa = PBXBuildFile; fileRef = DB92BBEA2A3B610C009630E0 /* Response.swift */; };
		DB92BBEE2A3B6595009630E0 /* EndpointCasesCheapShark.swift in Sources */ = {isa = PBXBuildFile; fileRef = DB92BBED2A3B6595009630E0 /* EndpointCasesCheapShark.swift */; };
		DB92BBF02A3B65C0009630E0 /* WorkerCheapShark.swift in Sources */ = {isa = PBXBuildFile; fileRef = DB92BBEF2A3B65C0009630E0 /* WorkerCheapShark.swift */; };
		DB92BBF22A3B65E4009630E0 /* CheapSharkSortDeals.swift in Sources */ = {isa = PBXBuildFile; fileRef = DB92BBF12A3B65E4009630E0 /* CheapSharkSortDeals.swift */; };
		DB92BBF62A3B6732009630E0 /* FeedGameDeal.swift in Sources */ = {isa = PBXBuildFile; fileRef = DB92BBF52A3B6732009630E0 /* FeedGameDeal.swift */; };
		DB92BBF92A3B678A009630E0 /* StoresCheapShark.swift in Sources */ = {isa = PBXBuildFile; fileRef = DB92BBF82A3B678A009630E0 /* StoresCheapShark.swift */; };
		DB92BBFB2A3B67BC009630E0 /* StoreImagesCheapShark.swift in Sources */ = {isa = PBXBuildFile; fileRef = DB92BBFA2A3B67BC009630E0 /* StoreImagesCheapShark.swift */; };
		DB92BBFE2A3B685C009630E0 /* DealLookup.swift in Sources */ = {isa = PBXBuildFile; fileRef = DB92BBFD2A3B685C009630E0 /* DealLookup.swift */; };
		DB92BC002A3B686E009630E0 /* CheaperStores.swift in Sources */ = {isa = PBXBuildFile; fileRef = DB92BBFF2A3B686E009630E0 /* CheaperStores.swift */; };
		DB92BC022A3B6882009630E0 /* CheapestPrice.swift in Sources */ = {isa = PBXBuildFile; fileRef = DB92BC012A3B6882009630E0 /* CheapestPrice.swift */; };
		DB92BC052A3B6974009630E0 /* DealLookupMock.swift in Sources */ = {isa = PBXBuildFile; fileRef = DB92BC042A3B6974009630E0 /* DealLookupMock.swift */; };
		DB92BC072A3B698D009630E0 /* StoresCheapSharkMock.swift in Sources */ = {isa = PBXBuildFile; fileRef = DB92BC062A3B698D009630E0 /* StoresCheapSharkMock.swift */; };
		DB92BC092A3B69A2009630E0 /* FeedGameDealMock.swift in Sources */ = {isa = PBXBuildFile; fileRef = DB92BC082A3B69A2009630E0 /* FeedGameDealMock.swift */; };
		DBAE72EB2A3B491100AB9E5F /* GameDealSwiftUIApp.swift in Sources */ = {isa = PBXBuildFile; fileRef = DBAE72EA2A3B491100AB9E5F /* GameDealSwiftUIApp.swift */; };
		DBAE72ED2A3B491100AB9E5F /* ContentView.swift in Sources */ = {isa = PBXBuildFile; fileRef = DBAE72EC2A3B491100AB9E5F /* ContentView.swift */; };
		DBAE72EF2A3B491300AB9E5F /* Assets.xcassets in Resources */ = {isa = PBXBuildFile; fileRef = DBAE72EE2A3B491300AB9E5F /* Assets.xcassets */; };
		DBAE72F22A3B491300AB9E5F /* Preview Assets.xcassets in Resources */ = {isa = PBXBuildFile; fileRef = DBAE72F12A3B491300AB9E5F /* Preview Assets.xcassets */; };
		DBAE72FC2A3B491300AB9E5F /* GameDealSwiftUITests.swift in Sources */ = {isa = PBXBuildFile; fileRef = DBAE72FB2A3B491300AB9E5F /* GameDealSwiftUITests.swift */; };
		DBAE73062A3B491300AB9E5F /* GameDealSwiftUIUITests.swift in Sources */ = {isa = PBXBuildFile; fileRef = DBAE73052A3B491300AB9E5F /* GameDealSwiftUIUITests.swift */; };
		DBAE73082A3B491300AB9E5F /* GameDealSwiftUIUITestsLaunchTests.swift in Sources */ = {isa = PBXBuildFile; fileRef = DBAE73072A3B491300AB9E5F /* GameDealSwiftUIUITestsLaunchTests.swift */; };
/* End PBXBuildFile section */

/* Begin PBXContainerItemProxy section */
		DBAE72F82A3B491300AB9E5F /* PBXContainerItemProxy */ = {
			isa = PBXContainerItemProxy;
			containerPortal = DBAE72DF2A3B491000AB9E5F /* Project object */;
			proxyType = 1;
			remoteGlobalIDString = DBAE72E62A3B491100AB9E5F;
			remoteInfo = GameDealSwiftUI;
		};
		DBAE73022A3B491300AB9E5F /* PBXContainerItemProxy */ = {
			isa = PBXContainerItemProxy;
			containerPortal = DBAE72DF2A3B491000AB9E5F /* Project object */;
			proxyType = 1;
			remoteGlobalIDString = DBAE72E62A3B491100AB9E5F;
			remoteInfo = GameDealSwiftUI;
		};
/* End PBXContainerItemProxy section */

/* Begin PBXFileReference section */
		DB92BBE42A3B602D009630E0 /* BaseURL.swift */ = {isa = PBXFileReference; lastKnownFileType = sourcecode.swift; path = BaseURL.swift; sourceTree = "<group>"; };
		DB92BBE62A3B60AF009630E0 /* Endpoint.swift */ = {isa = PBXFileReference; lastKnownFileType = sourcecode.swift; path = Endpoint.swift; sourceTree = "<group>"; };
		DB92BBE82A3B60F1009630E0 /* ServiceError.swift */ = {isa = PBXFileReference; lastKnownFileType = sourcecode.swift; path = ServiceError.swift; sourceTree = "<group>"; };
		DB92BBEA2A3B610C009630E0 /* Response.swift */ = {isa = PBXFileReference; lastKnownFileType = sourcecode.swift; path = Response.swift; sourceTree = "<group>"; };
		DB92BBED2A3B6595009630E0 /* EndpointCasesCheapShark.swift */ = {isa = PBXFileReference; lastKnownFileType = sourcecode.swift; path = EndpointCasesCheapShark.swift; sourceTree = "<group>"; };
		DB92BBEF2A3B65C0009630E0 /* WorkerCheapShark.swift */ = {isa = PBXFileReference; lastKnownFileType = sourcecode.swift; path = WorkerCheapShark.swift; sourceTree = "<group>"; };
		DB92BBF12A3B65E4009630E0 /* CheapSharkSortDeals.swift */ = {isa = PBXFileReference; lastKnownFileType = sourcecode.swift; path = CheapSharkSortDeals.swift; sourceTree = "<group>"; };
		DB92BBF52A3B6732009630E0 /* FeedGameDeal.swift */ = {isa = PBXFileReference; lastKnownFileType = sourcecode.swift; path = FeedGameDeal.swift; sourceTree = "<group>"; };
		DB92BBF82A3B678A009630E0 /* StoresCheapShark.swift */ = {isa = PBXFileReference; lastKnownFileType = sourcecode.swift; path = StoresCheapShark.swift; sourceTree = "<group>"; };
		DB92BBFA2A3B67BC009630E0 /* StoreImagesCheapShark.swift */ = {isa = PBXFileReference; lastKnownFileType = sourcecode.swift; path = StoreImagesCheapShark.swift; sourceTree = "<group>"; };
		DB92BBFD2A3B685C009630E0 /* DealLookup.swift */ = {isa = PBXFileReference; lastKnownFileType = sourcecode.swift; path = DealLookup.swift; sourceTree = "<group>"; };
		DB92BBFF2A3B686E009630E0 /* CheaperStores.swift */ = {isa = PBXFileReference; lastKnownFileType = sourcecode.swift; path = CheaperStores.swift; sourceTree = "<group>"; };
		DB92BC012A3B6882009630E0 /* CheapestPrice.swift */ = {isa = PBXFileReference; lastKnownFileType = sourcecode.swift; path = CheapestPrice.swift; sourceTree = "<group>"; };
		DB92BC042A3B6974009630E0 /* DealLookupMock.swift */ = {isa = PBXFileReference; lastKnownFileType = sourcecode.swift; path = DealLookupMock.swift; sourceTree = "<group>"; };
		DB92BC062A3B698D009630E0 /* StoresCheapSharkMock.swift */ = {isa = PBXFileReference; lastKnownFileType = sourcecode.swift; path = StoresCheapSharkMock.swift; sourceTree = "<group>"; };
		DB92BC082A3B69A2009630E0 /* FeedGameDealMock.swift */ = {isa = PBXFileReference; lastKnownFileType = sourcecode.swift; path = FeedGameDealMock.swift; sourceTree = "<group>"; };
		DBAE72E72A3B491100AB9E5F /* GameDealSwiftUI.app */ = {isa = PBXFileReference; explicitFileType = wrapper.application; includeInIndex = 0; path = GameDealSwiftUI.app; sourceTree = BUILT_PRODUCTS_DIR; };
		DBAE72EA2A3B491100AB9E5F /* GameDealSwiftUIApp.swift */ = {isa = PBXFileReference; lastKnownFileType = sourcecode.swift; path = GameDealSwiftUIApp.swift; sourceTree = "<group>"; };
		DBAE72EC2A3B491100AB9E5F /* ContentView.swift */ = {isa = PBXFileReference; lastKnownFileType = sourcecode.swift; path = ContentView.swift; sourceTree = "<group>"; };
		DBAE72EE2A3B491300AB9E5F /* Assets.xcassets */ = {isa = PBXFileReference; lastKnownFileType = folder.assetcatalog; path = Assets.xcassets; sourceTree = "<group>"; };
		DBAE72F12A3B491300AB9E5F /* Preview Assets.xcassets */ = {isa = PBXFileReference; lastKnownFileType = folder.assetcatalog; path = "Preview Assets.xcassets"; sourceTree = "<group>"; };
		DBAE72F72A3B491300AB9E5F /* GameDealSwiftUITests.xctest */ = {isa = PBXFileReference; explicitFileType = wrapper.cfbundle; includeInIndex = 0; path = GameDealSwiftUITests.xctest; sourceTree = BUILT_PRODUCTS_DIR; };
		DBAE72FB2A3B491300AB9E5F /* GameDealSwiftUITests.swift */ = {isa = PBXFileReference; lastKnownFileType = sourcecode.swift; path = GameDealSwiftUITests.swift; sourceTree = "<group>"; };
		DBAE73012A3B491300AB9E5F /* GameDealSwiftUIUITests.xctest */ = {isa = PBXFileReference; explicitFileType = wrapper.cfbundle; includeInIndex = 0; path = GameDealSwiftUIUITests.xctest; sourceTree = BUILT_PRODUCTS_DIR; };
		DBAE73052A3B491300AB9E5F /* GameDealSwiftUIUITests.swift */ = {isa = PBXFileReference; lastKnownFileType = sourcecode.swift; path = GameDealSwiftUIUITests.swift; sourceTree = "<group>"; };
		DBAE73072A3B491300AB9E5F /* GameDealSwiftUIUITestsLaunchTests.swift */ = {isa = PBXFileReference; lastKnownFileType = sourcecode.swift; path = GameDealSwiftUIUITestsLaunchTests.swift; sourceTree = "<group>"; };
/* End PBXFileReference section */

/* Begin PBXFrameworksBuildPhase section */
		DBAE72E42A3B491100AB9E5F /* Frameworks */ = {
			isa = PBXFrameworksBuildPhase;
			buildActionMask = 2147483647;
			files = (
			);
			runOnlyForDeploymentPostprocessing = 0;
		};
		DBAE72F42A3B491300AB9E5F /* Frameworks */ = {
			isa = PBXFrameworksBuildPhase;
			buildActionMask = 2147483647;
			files = (
			);
			runOnlyForDeploymentPostprocessing = 0;
		};
		DBAE72FE2A3B491300AB9E5F /* Frameworks */ = {
			isa = PBXFrameworksBuildPhase;
			buildActionMask = 2147483647;
			files = (
			);
			runOnlyForDeploymentPostprocessing = 0;
		};
/* End PBXFrameworksBuildPhase section */

/* Begin PBXGroup section */
		DB92BBE22A3B5E82009630E0 /* BusinessLogic */ = {
			isa = PBXGroup;
			children = (
				DB92BBE32A3B600B009630E0 /* Services */,
				DB92BBF32A3B661C009630E0 /* Entities */,
			);
			path = BusinessLogic;
			sourceTree = "<group>";
		};
		DB92BBE32A3B600B009630E0 /* Services */ = {
			isa = PBXGroup;
			children = (
				DB92BBE42A3B602D009630E0 /* BaseURL.swift */,
				DB92BBE62A3B60AF009630E0 /* Endpoint.swift */,
				DB92BBE82A3B60F1009630E0 /* ServiceError.swift */,
				DB92BBEA2A3B610C009630E0 /* Response.swift */,
				DB92BBEC2A3B6583009630E0 /* CheapShark */,
			);
			path = Services;
			sourceTree = "<group>";
		};
		DB92BBEC2A3B6583009630E0 /* CheapShark */ = {
			isa = PBXGroup;
			children = (
				DB92BBED2A3B6595009630E0 /* EndpointCasesCheapShark.swift */,
				DB92BBEF2A3B65C0009630E0 /* WorkerCheapShark.swift */,
				DB92BBF12A3B65E4009630E0 /* CheapSharkSortDeals.swift */,
			);
			path = CheapShark;
			sourceTree = "<group>";
		};
		DB92BBF32A3B661C009630E0 /* Entities */ = {
			isa = PBXGroup;
			children = (
				DB92BBF42A3B671C009630E0 /* FeedGameDealModel */,
				DB92BBF72A3B676C009630E0 /* StoresCheapSharkModel */,
				DB92BBFC2A3B6834009630E0 /* DealLookupModel */,
				DB92BC032A3B6959009630E0 /* Mock */,
			);
			path = Entities;
			sourceTree = "<group>";
		};
		DB92BBF42A3B671C009630E0 /* FeedGameDealModel */ = {
			isa = PBXGroup;
			children = (
				DB92BBF52A3B6732009630E0 /* FeedGameDeal.swift */,
			);
			path = FeedGameDealModel;
			sourceTree = "<group>";
		};
		DB92BBF72A3B676C009630E0 /* StoresCheapSharkModel */ = {
			isa = PBXGroup;
			children = (
				DB92BBF82A3B678A009630E0 /* StoresCheapShark.swift */,
				DB92BBFA2A3B67BC009630E0 /* StoreImagesCheapShark.swift */,
			);
			path = StoresCheapSharkModel;
			sourceTree = "<group>";
		};
		DB92BBFC2A3B6834009630E0 /* DealLookupModel */ = {
			isa = PBXGroup;
			children = (
				DB92BBFD2A3B685C009630E0 /* DealLookup.swift */,
				DB92BBFF2A3B686E009630E0 /* CheaperStores.swift */,
				DB92BC012A3B6882009630E0 /* CheapestPrice.swift */,
			);
			path = DealLookupModel;
			sourceTree = "<group>";
		};
		DB92BC032A3B6959009630E0 /* Mock */ = {
			isa = PBXGroup;
			children = (
				DB92BC042A3B6974009630E0 /* DealLookupMock.swift */,
				DB92BC062A3B698D009630E0 /* StoresCheapSharkMock.swift */,
				DB92BC082A3B69A2009630E0 /* FeedGameDealMock.swift */,
			);
			path = Mock;
			sourceTree = "<group>";
		};
		DBAE72DE2A3B491000AB9E5F = {
			isa = PBXGroup;
			children = (
				DBAE72E92A3B491100AB9E5F /* GameDealSwiftUI */,
				DBAE72FA2A3B491300AB9E5F /* GameDealSwiftUITests */,
				DBAE73042A3B491300AB9E5F /* GameDealSwiftUIUITests */,
				DBAE72E82A3B491100AB9E5F /* Products */,
			);
			sourceTree = "<group>";
		};
		DBAE72E82A3B491100AB9E5F /* Products */ = {
			isa = PBXGroup;
			children = (
				DBAE72E72A3B491100AB9E5F /* GameDealSwiftUI.app */,
				DBAE72F72A3B491300AB9E5F /* GameDealSwiftUITests.xctest */,
				DBAE73012A3B491300AB9E5F /* GameDealSwiftUIUITests.xctest */,
			);
			name = Products;
			sourceTree = "<group>";
		};
		DBAE72E92A3B491100AB9E5F /* GameDealSwiftUI */ = {
			isa = PBXGroup;
			children = (
				DB92BBE22A3B5E82009630E0 /* BusinessLogic */,
				DBAE72EA2A3B491100AB9E5F /* GameDealSwiftUIApp.swift */,
				DBAE72EC2A3B491100AB9E5F /* ContentView.swift */,
				DBAE72EE2A3B491300AB9E5F /* Assets.xcassets */,
				DBAE72F02A3B491300AB9E5F /* Preview Content */,
			);
			path = GameDealSwiftUI;
			sourceTree = "<group>";
		};
		DBAE72F02A3B491300AB9E5F /* Preview Content */ = {
			isa = PBXGroup;
			children = (
				DBAE72F12A3B491300AB9E5F /* Preview Assets.xcassets */,
			);
			path = "Preview Content";
			sourceTree = "<group>";
		};
		DBAE72FA2A3B491300AB9E5F /* GameDealSwiftUITests */ = {
			isa = PBXGroup;
			children = (
				DBAE72FB2A3B491300AB9E5F /* GameDealSwiftUITests.swift */,
			);
			path = GameDealSwiftUITests;
			sourceTree = "<group>";
		};
		DBAE73042A3B491300AB9E5F /* GameDealSwiftUIUITests */ = {
			isa = PBXGroup;
			children = (
				DBAE73052A3B491300AB9E5F /* GameDealSwiftUIUITests.swift */,
				DBAE73072A3B491300AB9E5F /* GameDealSwiftUIUITestsLaunchTests.swift */,
			);
			path = GameDealSwiftUIUITests;
			sourceTree = "<group>";
		};
/* End PBXGroup section */

/* Begin PBXNativeTarget section */
		DBAE72E62A3B491100AB9E5F /* GameDealSwiftUI */ = {
			isa = PBXNativeTarget;
			buildConfigurationList = DBAE730B2A3B491300AB9E5F /* Build configuration list for PBXNativeTarget "GameDealSwiftUI" */;
			buildPhases = (
				DBAE72E32A3B491100AB9E5F /* Sources */,
				DBAE72E42A3B491100AB9E5F /* Frameworks */,
				DBAE72E52A3B491100AB9E5F /* Resources */,
			);
			buildRules = (
			);
			dependencies = (
			);
			name = GameDealSwiftUI;
			productName = GameDealSwiftUI;
			productReference = DBAE72E72A3B491100AB9E5F /* GameDealSwiftUI.app */;
			productType = "com.apple.product-type.application";
		};
		DBAE72F62A3B491300AB9E5F /* GameDealSwiftUITests */ = {
			isa = PBXNativeTarget;
			buildConfigurationList = DBAE730E2A3B491300AB9E5F /* Build configuration list for PBXNativeTarget "GameDealSwiftUITests" */;
			buildPhases = (
				DBAE72F32A3B491300AB9E5F /* Sources */,
				DBAE72F42A3B491300AB9E5F /* Frameworks */,
				DBAE72F52A3B491300AB9E5F /* Resources */,
			);
			buildRules = (
			);
			dependencies = (
				DBAE72F92A3B491300AB9E5F /* PBXTargetDependency */,
			);
			name = GameDealSwiftUITests;
			productName = GameDealSwiftUITests;
			productReference = DBAE72F72A3B491300AB9E5F /* GameDealSwiftUITests.xctest */;
			productType = "com.apple.product-type.bundle.unit-test";
		};
		DBAE73002A3B491300AB9E5F /* GameDealSwiftUIUITests */ = {
			isa = PBXNativeTarget;
			buildConfigurationList = DBAE73112A3B491300AB9E5F /* Build configuration list for PBXNativeTarget "GameDealSwiftUIUITests" */;
			buildPhases = (
				DBAE72FD2A3B491300AB9E5F /* Sources */,
				DBAE72FE2A3B491300AB9E5F /* Frameworks */,
				DBAE72FF2A3B491300AB9E5F /* Resources */,
			);
			buildRules = (
			);
			dependencies = (
				DBAE73032A3B491300AB9E5F /* PBXTargetDependency */,
			);
			name = GameDealSwiftUIUITests;
			productName = GameDealSwiftUIUITests;
			productReference = DBAE73012A3B491300AB9E5F /* GameDealSwiftUIUITests.xctest */;
			productType = "com.apple.product-type.bundle.ui-testing";
		};
/* End PBXNativeTarget section */

/* Begin PBXProject section */
		DBAE72DF2A3B491000AB9E5F /* Project object */ = {
			isa = PBXProject;
			attributes = {
				BuildIndependentTargetsInParallel = 1;
				LastSwiftUpdateCheck = 1420;
				LastUpgradeCheck = 1420;
				TargetAttributes = {
					DBAE72E62A3B491100AB9E5F = {
						CreatedOnToolsVersion = 14.2;
					};
					DBAE72F62A3B491300AB9E5F = {
						CreatedOnToolsVersion = 14.2;
						TestTargetID = DBAE72E62A3B491100AB9E5F;
					};
					DBAE73002A3B491300AB9E5F = {
						CreatedOnToolsVersion = 14.2;
						TestTargetID = DBAE72E62A3B491100AB9E5F;
					};
				};
			};
			buildConfigurationList = DBAE72E22A3B491100AB9E5F /* Build configuration list for PBXProject "GameDealSwiftUI" */;
			compatibilityVersion = "Xcode 14.0";
			developmentRegion = en;
			hasScannedForEncodings = 0;
			knownRegions = (
				en,
				Base,
			);
			mainGroup = DBAE72DE2A3B491000AB9E5F;
			productRefGroup = DBAE72E82A3B491100AB9E5F /* Products */;
			projectDirPath = "";
			projectRoot = "";
			targets = (
				DBAE72E62A3B491100AB9E5F /* GameDealSwiftUI */,
				DBAE72F62A3B491300AB9E5F /* GameDealSwiftUITests */,
				DBAE73002A3B491300AB9E5F /* GameDealSwiftUIUITests */,
			);
		};
/* End PBXProject section */

/* Begin PBXResourcesBuildPhase section */
		DBAE72E52A3B491100AB9E5F /* Resources */ = {
			isa = PBXResourcesBuildPhase;
			buildActionMask = 2147483647;
			files = (
				DBAE72F22A3B491300AB9E5F /* Preview Assets.xcassets in Resources */,
				DBAE72EF2A3B491300AB9E5F /* Assets.xcassets in Resources */,
			);
			runOnlyForDeploymentPostprocessing = 0;
		};
		DBAE72F52A3B491300AB9E5F /* Resources */ = {
			isa = PBXResourcesBuildPhase;
			buildActionMask = 2147483647;
			files = (
			);
			runOnlyForDeploymentPostprocessing = 0;
		};
		DBAE72FF2A3B491300AB9E5F /* Resources */ = {
			isa = PBXResourcesBuildPhase;
			buildActionMask = 2147483647;
			files = (
			);
			runOnlyForDeploymentPostprocessing = 0;
		};
/* End PBXResourcesBuildPhase section */

/* Begin PBXSourcesBuildPhase section */
		DBAE72E32A3B491100AB9E5F /* Sources */ = {
			isa = PBXSourcesBuildPhase;
			buildActionMask = 2147483647;
			files = (
				DB92BBE92A3B60F1009630E0 /* ServiceError.swift in Sources */,
				DB92BC022A3B6882009630E0 /* CheapestPrice.swift in Sources */,
				DB92BBEE2A3B6595009630E0 /* EndpointCasesCheapShark.swift in Sources */,
				DB92BC002A3B686E009630E0 /* CheaperStores.swift in Sources */,
				DB92BBF22A3B65E4009630E0 /* CheapSharkSortDeals.swift in Sources */,
				DB92BBFB2A3B67BC009630E0 /* StoreImagesCheapShark.swift in Sources */,
				DB92BBFE2A3B685C009630E0 /* DealLookup.swift in Sources */,
				DB92BC092A3B69A2009630E0 /* FeedGameDealMock.swift in Sources */,
				DB92BBF92A3B678A009630E0 /* StoresCheapShark.swift in Sources */,
				DBAE72ED2A3B491100AB9E5F /* ContentView.swift in Sources */,
				DB92BC052A3B6974009630E0 /* DealLookupMock.swift in Sources */,
				DBAE72EB2A3B491100AB9E5F /* GameDealSwiftUIApp.swift in Sources */,
				DB92BBE72A3B60AF009630E0 /* Endpoint.swift in Sources */,
				DB92BBF02A3B65C0009630E0 /* WorkerCheapShark.swift in Sources */,
				DB92BBF62A3B6732009630E0 /* FeedGameDeal.swift in Sources */,
				DB92BBEB2A3B610C009630E0 /* Response.swift in Sources */,
				DB92BBE52A3B602D009630E0 /* BaseURL.swift in Sources */,
				DB92BC072A3B698D009630E0 /* StoresCheapSharkMock.swift in Sources */,
			);
			runOnlyForDeploymentPostprocessing = 0;
		};
		DBAE72F32A3B491300AB9E5F /* Sources */ = {
			isa = PBXSourcesBuildPhase;
			buildActionMask = 2147483647;
			files = (
				DBAE72FC2A3B491300AB9E5F /* GameDealSwiftUITests.swift in Sources */,
			);
			runOnlyForDeploymentPostprocessing = 0;
		};
		DBAE72FD2A3B491300AB9E5F /* Sources */ = {
			isa = PBXSourcesBuildPhase;
			buildActionMask = 2147483647;
			files = (
				DBAE73082A3B491300AB9E5F /* GameDealSwiftUIUITestsLaunchTests.swift in Sources */,
				DBAE73062A3B491300AB9E5F /* GameDealSwiftUIUITests.swift in Sources */,
			);
			runOnlyForDeploymentPostprocessing = 0;
		};
/* End PBXSourcesBuildPhase section */

/* Begin PBXTargetDependency section */
		DBAE72F92A3B491300AB9E5F /* PBXTargetDependency */ = {
			isa = PBXTargetDependency;
			target = DBAE72E62A3B491100AB9E5F /* GameDealSwiftUI */;
			targetProxy = DBAE72F82A3B491300AB9E5F /* PBXContainerItemProxy */;
		};
		DBAE73032A3B491300AB9E5F /* PBXTargetDependency */ = {
			isa = PBXTargetDependency;
			target = DBAE72E62A3B491100AB9E5F /* GameDealSwiftUI */;
			targetProxy = DBAE73022A3B491300AB9E5F /* PBXContainerItemProxy */;
		};
/* End PBXTargetDependency section */

/* Begin XCBuildConfiguration section */
		DBAE73092A3B491300AB9E5F /* Debug */ = {
			isa = XCBuildConfiguration;
			buildSettings = {
				ALWAYS_SEARCH_USER_PATHS = NO;
				CLANG_ANALYZER_NONNULL = YES;
				CLANG_ANALYZER_NUMBER_OBJECT_CONVERSION = YES_AGGRESSIVE;
				CLANG_CXX_LANGUAGE_STANDARD = "gnu++20";
				CLANG_ENABLE_MODULES = YES;
				CLANG_ENABLE_OBJC_ARC = YES;
				CLANG_ENABLE_OBJC_WEAK = YES;
				CLANG_WARN_BLOCK_CAPTURE_AUTORELEASING = YES;
				CLANG_WARN_BOOL_CONVERSION = YES;
				CLANG_WARN_COMMA = YES;
				CLANG_WARN_CONSTANT_CONVERSION = YES;
				CLANG_WARN_DEPRECATED_OBJC_IMPLEMENTATIONS = YES;
				CLANG_WARN_DIRECT_OBJC_ISA_USAGE = YES_ERROR;
				CLANG_WARN_DOCUMENTATION_COMMENTS = YES;
				CLANG_WARN_EMPTY_BODY = YES;
				CLANG_WARN_ENUM_CONVERSION = YES;
				CLANG_WARN_INFINITE_RECURSION = YES;
				CLANG_WARN_INT_CONVERSION = YES;
				CLANG_WARN_NON_LITERAL_NULL_CONVERSION = YES;
				CLANG_WARN_OBJC_IMPLICIT_RETAIN_SELF = YES;
				CLANG_WARN_OBJC_LITERAL_CONVERSION = YES;
				CLANG_WARN_OBJC_ROOT_CLASS = YES_ERROR;
				CLANG_WARN_QUOTED_INCLUDE_IN_FRAMEWORK_HEADER = YES;
				CLANG_WARN_RANGE_LOOP_ANALYSIS = YES;
				CLANG_WARN_STRICT_PROTOTYPES = YES;
				CLANG_WARN_SUSPICIOUS_MOVE = YES;
				CLANG_WARN_UNGUARDED_AVAILABILITY = YES_AGGRESSIVE;
				CLANG_WARN_UNREACHABLE_CODE = YES;
				CLANG_WARN__DUPLICATE_METHOD_MATCH = YES;
				COPY_PHASE_STRIP = NO;
				DEBUG_INFORMATION_FORMAT = dwarf;
				ENABLE_STRICT_OBJC_MSGSEND = YES;
				ENABLE_TESTABILITY = YES;
				GCC_C_LANGUAGE_STANDARD = gnu11;
				GCC_DYNAMIC_NO_PIC = NO;
				GCC_NO_COMMON_BLOCKS = YES;
				GCC_OPTIMIZATION_LEVEL = 0;
				GCC_PREPROCESSOR_DEFINITIONS = (
					"DEBUG=1",
					"$(inherited)",
				);
				GCC_WARN_64_TO_32_BIT_CONVERSION = YES;
				GCC_WARN_ABOUT_RETURN_TYPE = YES_ERROR;
				GCC_WARN_UNDECLARED_SELECTOR = YES;
				GCC_WARN_UNINITIALIZED_AUTOS = YES_AGGRESSIVE;
				GCC_WARN_UNUSED_FUNCTION = YES;
				GCC_WARN_UNUSED_VARIABLE = YES;
				IPHONEOS_DEPLOYMENT_TARGET = 16.2;
				MTL_ENABLE_DEBUG_INFO = INCLUDE_SOURCE;
				MTL_FAST_MATH = YES;
				ONLY_ACTIVE_ARCH = YES;
				SDKROOT = iphoneos;
				SWIFT_ACTIVE_COMPILATION_CONDITIONS = DEBUG;
				SWIFT_OPTIMIZATION_LEVEL = "-Onone";
			};
			name = Debug;
		};
		DBAE730A2A3B491300AB9E5F /* Release */ = {
			isa = XCBuildConfiguration;
			buildSettings = {
				ALWAYS_SEARCH_USER_PATHS = NO;
				CLANG_ANALYZER_NONNULL = YES;
				CLANG_ANALYZER_NUMBER_OBJECT_CONVERSION = YES_AGGRESSIVE;
				CLANG_CXX_LANGUAGE_STANDARD = "gnu++20";
				CLANG_ENABLE_MODULES = YES;
				CLANG_ENABLE_OBJC_ARC = YES;
				CLANG_ENABLE_OBJC_WEAK = YES;
				CLANG_WARN_BLOCK_CAPTURE_AUTORELEASING = YES;
				CLANG_WARN_BOOL_CONVERSION = YES;
				CLANG_WARN_COMMA = YES;
				CLANG_WARN_CONSTANT_CONVERSION = YES;
				CLANG_WARN_DEPRECATED_OBJC_IMPLEMENTATIONS = YES;
				CLANG_WARN_DIRECT_OBJC_ISA_USAGE = YES_ERROR;
				CLANG_WARN_DOCUMENTATION_COMMENTS = YES;
				CLANG_WARN_EMPTY_BODY = YES;
				CLANG_WARN_ENUM_CONVERSION = YES;
				CLANG_WARN_INFINITE_RECURSION = YES;
				CLANG_WARN_INT_CONVERSION = YES;
				CLANG_WARN_NON_LITERAL_NULL_CONVERSION = YES;
				CLANG_WARN_OBJC_IMPLICIT_RETAIN_SELF = YES;
				CLANG_WARN_OBJC_LITERAL_CONVERSION = YES;
				CLANG_WARN_OBJC_ROOT_CLASS = YES_ERROR;
				CLANG_WARN_QUOTED_INCLUDE_IN_FRAMEWORK_HEADER = YES;
				CLANG_WARN_RANGE_LOOP_ANALYSIS = YES;
				CLANG_WARN_STRICT_PROTOTYPES = YES;
				CLANG_WARN_SUSPICIOUS_MOVE = YES;
				CLANG_WARN_UNGUARDED_AVAILABILITY = YES_AGGRESSIVE;
				CLANG_WARN_UNREACHABLE_CODE = YES;
				CLANG_WARN__DUPLICATE_METHOD_MATCH = YES;
				COPY_PHASE_STRIP = NO;
				DEBUG_INFORMATION_FORMAT = "dwarf-with-dsym";
				ENABLE_NS_ASSERTIONS = NO;
				ENABLE_STRICT_OBJC_MSGSEND = YES;
				GCC_C_LANGUAGE_STANDARD = gnu11;
				GCC_NO_COMMON_BLOCKS = YES;
				GCC_WARN_64_TO_32_BIT_CONVERSION = YES;
				GCC_WARN_ABOUT_RETURN_TYPE = YES_ERROR;
				GCC_WARN_UNDECLARED_SELECTOR = YES;
				GCC_WARN_UNINITIALIZED_AUTOS = YES_AGGRESSIVE;
				GCC_WARN_UNUSED_FUNCTION = YES;
				GCC_WARN_UNUSED_VARIABLE = YES;
				IPHONEOS_DEPLOYMENT_TARGET = 16.2;
				MTL_ENABLE_DEBUG_INFO = NO;
				MTL_FAST_MATH = YES;
				SDKROOT = iphoneos;
				SWIFT_COMPILATION_MODE = wholemodule;
				SWIFT_OPTIMIZATION_LEVEL = "-O";
				VALIDATE_PRODUCT = YES;
			};
			name = Release;
		};
		DBAE730C2A3B491300AB9E5F /* Debug */ = {
			isa = XCBuildConfiguration;
			buildSettings = {
				ASSETCATALOG_COMPILER_APPICON_NAME = AppIcon;
				ASSETCATALOG_COMPILER_GLOBAL_ACCENT_COLOR_NAME = AccentColor;
				CODE_SIGN_STYLE = Automatic;
				CURRENT_PROJECT_VERSION = 1;
				DEVELOPMENT_ASSET_PATHS = "\"GameDealSwiftUI/Preview Content\"";
				ENABLE_PREVIEWS = YES;
				GENERATE_INFOPLIST_FILE = YES;
				INFOPLIST_KEY_UIApplicationSceneManifest_Generation = YES;
				INFOPLIST_KEY_UIApplicationSupportsIndirectInputEvents = YES;
				INFOPLIST_KEY_UILaunchScreen_Generation = YES;
				INFOPLIST_KEY_UISupportedInterfaceOrientations_iPad = "UIInterfaceOrientationPortrait UIInterfaceOrientationPortraitUpsideDown UIInterfaceOrientationLandscapeLeft UIInterfaceOrientationLandscapeRight";
				INFOPLIST_KEY_UISupportedInterfaceOrientations_iPhone = "UIInterfaceOrientationPortrait UIInterfaceOrientationLandscapeLeft UIInterfaceOrientationLandscapeRight";
				LD_RUNPATH_SEARCH_PATHS = (
					"$(inherited)",
					"@executable_path/Frameworks",
				);
				MARKETING_VERSION = 1.0;
				PRODUCT_BUNDLE_IDENTIFIER = com.OSThiago.GameDealSwiftUI;
				PRODUCT_NAME = "$(TARGET_NAME)";
				SWIFT_EMIT_LOC_STRINGS = YES;
				SWIFT_VERSION = 5.0;
				TARGETED_DEVICE_FAMILY = "1,2";
			};
			name = Debug;
		};
		DBAE730D2A3B491300AB9E5F /* Release */ = {
			isa = XCBuildConfiguration;
			buildSettings = {
				ASSETCATALOG_COMPILER_APPICON_NAME = AppIcon;
				ASSETCATALOG_COMPILER_GLOBAL_ACCENT_COLOR_NAME = AccentColor;
				CODE_SIGN_STYLE = Automatic;
				CURRENT_PROJECT_VERSION = 1;
				DEVELOPMENT_ASSET_PATHS = "\"GameDealSwiftUI/Preview Content\"";
				ENABLE_PREVIEWS = YES;
				GENERATE_INFOPLIST_FILE = YES;
				INFOPLIST_KEY_UIApplicationSceneManifest_Generation = YES;
				INFOPLIST_KEY_UIApplicationSupportsIndirectInputEvents = YES;
				INFOPLIST_KEY_UILaunchScreen_Generation = YES;
				INFOPLIST_KEY_UISupportedInterfaceOrientations_iPad = "UIInterfaceOrientationPortrait UIInterfaceOrientationPortraitUpsideDown UIInterfaceOrientationLandscapeLeft UIInterfaceOrientationLandscapeRight";
				INFOPLIST_KEY_UISupportedInterfaceOrientations_iPhone = "UIInterfaceOrientationPortrait UIInterfaceOrientationLandscapeLeft UIInterfaceOrientationLandscapeRight";
				LD_RUNPATH_SEARCH_PATHS = (
					"$(inherited)",
					"@executable_path/Frameworks",
				);
				MARKETING_VERSION = 1.0;
				PRODUCT_BUNDLE_IDENTIFIER = com.OSThiago.GameDealSwiftUI;
				PRODUCT_NAME = "$(TARGET_NAME)";
				SWIFT_EMIT_LOC_STRINGS = YES;
				SWIFT_VERSION = 5.0;
				TARGETED_DEVICE_FAMILY = "1,2";
			};
			name = Release;
		};
		DBAE730F2A3B491300AB9E5F /* Debug */ = {
			isa = XCBuildConfiguration;
			buildSettings = {
				ALWAYS_EMBED_SWIFT_STANDARD_LIBRARIES = YES;
				BUNDLE_LOADER = "$(TEST_HOST)";
				CODE_SIGN_STYLE = Automatic;
				CURRENT_PROJECT_VERSION = 1;
				GENERATE_INFOPLIST_FILE = YES;
				IPHONEOS_DEPLOYMENT_TARGET = 16.2;
				MARKETING_VERSION = 1.0;
				PRODUCT_BUNDLE_IDENTIFIER = com.OSThiago.GameDealSwiftUITests;
				PRODUCT_NAME = "$(TARGET_NAME)";
				SWIFT_EMIT_LOC_STRINGS = NO;
				SWIFT_VERSION = 5.0;
				TARGETED_DEVICE_FAMILY = "1,2";
				TEST_HOST = "$(BUILT_PRODUCTS_DIR)/GameDealSwiftUI.app/$(BUNDLE_EXECUTABLE_FOLDER_PATH)/GameDealSwiftUI";
			};
			name = Debug;
		};
		DBAE73102A3B491300AB9E5F /* Release */ = {
			isa = XCBuildConfiguration;
			buildSettings = {
				ALWAYS_EMBED_SWIFT_STANDARD_LIBRARIES = YES;
				BUNDLE_LOADER = "$(TEST_HOST)";
				CODE_SIGN_STYLE = Automatic;
				CURRENT_PROJECT_VERSION = 1;
				GENERATE_INFOPLIST_FILE = YES;
				IPHONEOS_DEPLOYMENT_TARGET = 16.2;
				MARKETING_VERSION = 1.0;
				PRODUCT_BUNDLE_IDENTIFIER = com.OSThiago.GameDealSwiftUITests;
				PRODUCT_NAME = "$(TARGET_NAME)";
				SWIFT_EMIT_LOC_STRINGS = NO;
				SWIFT_VERSION = 5.0;
				TARGETED_DEVICE_FAMILY = "1,2";
				TEST_HOST = "$(BUILT_PRODUCTS_DIR)/GameDealSwiftUI.app/$(BUNDLE_EXECUTABLE_FOLDER_PATH)/GameDealSwiftUI";
			};
			name = Release;
		};
		DBAE73122A3B491300AB9E5F /* Debug */ = {
			isa = XCBuildConfiguration;
			buildSettings = {
				ALWAYS_EMBED_SWIFT_STANDARD_LIBRARIES = YES;
				CODE_SIGN_STYLE = Automatic;
				CURRENT_PROJECT_VERSION = 1;
				GENERATE_INFOPLIST_FILE = YES;
				MARKETING_VERSION = 1.0;
				PRODUCT_BUNDLE_IDENTIFIER = com.OSThiago.GameDealSwiftUIUITests;
				PRODUCT_NAME = "$(TARGET_NAME)";
				SWIFT_EMIT_LOC_STRINGS = NO;
				SWIFT_VERSION = 5.0;
				TARGETED_DEVICE_FAMILY = "1,2";
				TEST_TARGET_NAME = GameDealSwiftUI;
			};
			name = Debug;
		};
		DBAE73132A3B491300AB9E5F /* Release */ = {
			isa = XCBuildConfiguration;
			buildSettings = {
				ALWAYS_EMBED_SWIFT_STANDARD_LIBRARIES = YES;
				CODE_SIGN_STYLE = Automatic;
				CURRENT_PROJECT_VERSION = 1;
				GENERATE_INFOPLIST_FILE = YES;
				MARKETING_VERSION = 1.0;
				PRODUCT_BUNDLE_IDENTIFIER = com.OSThiago.GameDealSwiftUIUITests;
				PRODUCT_NAME = "$(TARGET_NAME)";
				SWIFT_EMIT_LOC_STRINGS = NO;
				SWIFT_VERSION = 5.0;
				TARGETED_DEVICE_FAMILY = "1,2";
				TEST_TARGET_NAME = GameDealSwiftUI;
			};
			name = Release;
		};
/* End XCBuildConfiguration section */

/* Begin XCConfigurationList section */
		DBAE72E22A3B491100AB9E5F /* Build configuration list for PBXProject "GameDealSwiftUI" */ = {
			isa = XCConfigurationList;
			buildConfigurations = (
				DBAE73092A3B491300AB9E5F /* Debug */,
				DBAE730A2A3B491300AB9E5F /* Release */,
			);
			defaultConfigurationIsVisible = 0;
			defaultConfigurationName = Release;
		};
		DBAE730B2A3B491300AB9E5F /* Build configuration list for PBXNativeTarget "GameDealSwiftUI" */ = {
			isa = XCConfigurationList;
			buildConfigurations = (
				DBAE730C2A3B491300AB9E5F /* Debug */,
				DBAE730D2A3B491300AB9E5F /* Release */,
			);
			defaultConfigurationIsVisible = 0;
			defaultConfigurationName = Release;
		};
		DBAE730E2A3B491300AB9E5F /* Build configuration list for PBXNativeTarget "GameDealSwiftUITests" */ = {
			isa = XCConfigurationList;
			buildConfigurations = (
				DBAE730F2A3B491300AB9E5F /* Debug */,
				DBAE73102A3B491300AB9E5F /* Release */,
			);
			defaultConfigurationIsVisible = 0;
			defaultConfigurationName = Release;
		};
		DBAE73112A3B491300AB9E5F /* Build configuration list for PBXNativeTarget "GameDealSwiftUIUITests" */ = {
			isa = XCConfigurationList;
			buildConfigurations = (
				DBAE73122A3B491300AB9E5F /* Debug */,
				DBAE73132A3B491300AB9E5F /* Release */,
			);
			defaultConfigurationIsVisible = 0;
			defaultConfigurationName = Release;
		};
/* End XCConfigurationList section */
	};
	rootObject = DBAE72DF2A3B491000AB9E5F /* Project object */;
}
